
Microsoft Visual Studio Solution File, Format Version 12.00
# Visual Studio Version 16
VisualStudioVersion = 16.0.30907.101
MinimumVisualStudioVersion = 10.0.40219.1
Project("{2150E333-8FDC-42A3-9474-1A3956D46DE8}") = "Microservices", "Microservices", "{2378564E-F531-4D85-A4E5-D32924F150A2}"
EndProject
Project("{2150E333-8FDC-42A3-9474-1A3956D46DE8}") = "Domain", "Domain", "{93B7F475-E2EA-469C-A7A2-E209550FE3B9}"
EndProject
Project("{2150E333-8FDC-42A3-9474-1A3956D46DE8}") = "Infra.Bus", "Infra.Bus", "{60787081-220E-40CB-8485-611C8800122D}"
EndProject
Project("{2150E333-8FDC-42A3-9474-1A3956D46DE8}") = "Infra.IoC", "Infra.IoC", "{3F6A84B0-90AA-4BBF-B6F2-0D775B9BD9CF}"
EndProject
Project("{2150E333-8FDC-42A3-9474-1A3956D46DE8}") = "Presentation", "Presentation", "{00158335-6B53-4AD5-A97C-BF372E058F84}"
EndProject
Project("{FAE04EC0-301F-11D3-BF4B-00C04F79EFBC}") = "MicroRabbit.Domain.Core", "MicroRabbit.Domain.Core\MicroRabbit.Domain.Core.csproj", "{34C2B2F3-1185-4BCA-869E-9BC04F06BAD5}"
EndProject
Project("{FAE04EC0-301F-11D3-BF4B-00C04F79EFBC}") = "MicroRabbit.Infra.Bus", "MicroRabbit.Infra.Bus\MicroRabbit.Infra.Bus.csproj", "{07A89DE9-C486-4A66-8A22-E4B39ED39736}"
EndProject
Project("{FAE04EC0-301F-11D3-BF4B-00C04F79EFBC}") = "MicroRabbit.Infra.IoC", "MicroRabbit.Infra.IoC\MicroRabbit.Infra.IoC.csproj", "{275BA33F-F7D0-4DA6-AA16-F4CB8F4B6645}"
EndProject
Global
	GlobalSection(SolutionConfigurationPlatforms) = preSolution
		Debug|Any CPU = Debug|Any CPU
		Release|Any CPU = Release|Any CPU
	EndGlobalSection
	GlobalSection(ProjectConfigurationPlatforms) = postSolution
		{34C2B2F3-1185-4BCA-869E-9BC04F06BAD5}.Debug|Any CPU.ActiveCfg = Debug|Any CPU
		{34C2B2F3-1185-4BCA-869E-9BC04F06BAD5}.Debug|Any CPU.Build.0 = Debug|Any CPU
		{34C2B2F3-1185-4BCA-869E-9BC04F06BAD5}.Release|Any CPU.ActiveCfg = Release|Any CPU
		{34C2B2F3-1185-4BCA-869E-9BC04F06BAD5}.Release|Any CPU.Build.0 = Release|Any CPU
		{07A89DE9-C486-4A66-8A22-E4B39ED39736}.Debug|Any CPU.ActiveCfg = Debug|Any CPU
		{07A89DE9-C486-4A66-8A22-E4B39ED39736}.Debug|Any CPU.Build.0 = Debug|Any CPU
		{07A89DE9-C486-4A66-8A22-E4B39ED39736}.Release|Any CPU.ActiveCfg = Release|Any CPU
		{07A89DE9-C486-4A66-8A22-E4B39ED39736}.Release|Any CPU.Build.0 = Release|Any CPU
		{275BA33F-F7D0-4DA6-AA16-F4CB8F4B6645}.Debug|Any CPU.ActiveCfg = Debug|Any CPU
		{275BA33F-F7D0-4DA6-AA16-F4CB8F4B6645}.Debug|Any CPU.Build.0 = Debug|Any CPU
		{275BA33F-F7D0-4DA6-AA16-F4CB8F4B6645}.Release|Any CPU.ActiveCfg = Release|Any CPU
		{275BA33F-F7D0-4DA6-AA16-F4CB8F4B6645}.Release|Any CPU.Build.0 = Release|Any CPU
	EndGlobalSection
	GlobalSection(SolutionProperties) = preSolution
		HideSolutionNode = FALSE
	EndGlobalSection
	GlobalSection(NestedProjects) = preSolution
		{34C2B2F3-1185-4BCA-869E-9BC04F06BAD5} = {93B7F475-E2EA-469C-A7A2-E209550FE3B9}
		{07A89DE9-C486-4A66-8A22-E4B39ED39736} = {60787081-220E-40CB-8485-611C8800122D}
		{275BA33F-F7D0-4DA6-AA16-F4CB8F4B6645} = {3F6A84B0-90AA-4BBF-B6F2-0D775B9BD9CF}
	EndGlobalSection
	GlobalSection(ExtensibilityGlobals) = postSolution
		SolutionGuid = {FB0FFBFF-D6F9-44EB-B50F-3413E0FE81A2}
	EndGlobalSection
EndGlobal
