
Microsoft Visual Studio Solution File, Format Version 12.00
# Visual Studio Version 16
VisualStudioVersion = 16.0.30907.101
MinimumVisualStudioVersion = 10.0.40219.1
Project("{2150E333-8FDC-42A3-9474-1A3956D46DE8}") = "Microservices", "Microservices", "{2378564E-F531-4D85-A4E5-D32924F150A2}"
EndProject
Project("{2150E333-8FDC-42A3-9474-1A3956D46DE8}") = "Domain", "Domain", "{93B7F475-E2EA-469C-A7A2-E209550FE3B9}"
EndProject
Project("{2150E333-8FDC-42A3-9474-1A3956D46DE8}") = "Infra.Bus", "Infra.Bus", "{60787081-220E-40CB-8485-611C8800122D}"
EndProject
Project("{2150E333-8FDC-42A3-9474-1A3956D46DE8}") = "Infra.IoC", "Infra.IoC", "{3F6A84B0-90AA-4BBF-B6F2-0D775B9BD9CF}"
EndProject
Project("{2150E333-8FDC-42A3-9474-1A3956D46DE8}") = "Presentation", "Presentation", "{00158335-6B53-4AD5-A97C-BF372E058F84}"
EndProject
Project("{9A19103F-16F7-4668-BE54-9A1E7A4F7556}") = "MicroRabbit.Domain.Core", "MicroRabbit.Domain.Core\MicroRabbit.Domain.Core.csproj", "{34C2B2F3-1185-4BCA-869E-9BC04F06BAD5}"
EndProject
Project("{9A19103F-16F7-4668-BE54-9A1E7A4F7556}") = "MicroRabbit.Infra.Bus", "MicroRabbit.Infra.Bus\MicroRabbit.Infra.Bus.csproj", "{07A89DE9-C486-4A66-8A22-E4B39ED39736}"
EndProject
Project("{9A19103F-16F7-4668-BE54-9A1E7A4F7556}") = "MicroRabbit.Infra.IoC", "MicroRabbit.Infra.IoC\MicroRabbit.Infra.IoC.csproj", "{275BA33F-F7D0-4DA6-AA16-F4CB8F4B6645}"
EndProject
Project("{2150E333-8FDC-42A3-9474-1A3956D46DE8}") = "Banking", "Banking", "{99A36639-0262-4A87-8101-9853F9367DF2}"
EndProject
Project("{2150E333-8FDC-42A3-9474-1A3956D46DE8}") = "Api", "Api", "{A4E60C16-B161-4564-994A-1A8FC841404D}"
EndProject
Project("{2150E333-8FDC-42A3-9474-1A3956D46DE8}") = "Domain", "Domain", "{E67609A0-E001-4DC9-BBC9-E8594307143B}"
EndProject
Project("{2150E333-8FDC-42A3-9474-1A3956D46DE8}") = "Application", "Application", "{49F2911B-93C3-4E40-BD2C-65F772F50DA9}"
EndProject
Project("{2150E333-8FDC-42A3-9474-1A3956D46DE8}") = "Data", "Data", "{DFEC4536-23E6-4BA1-8148-33058F5B2F37}"
EndProject
Project("{9A19103F-16F7-4668-BE54-9A1E7A4F7556}") = "MicroRabbit.Banking.Api", "MicroRabbit.Banking.Api\MicroRabbit.Banking.Api.csproj", "{0424AE66-C8EF-4678-A948-B8EEC473E1F3}"
EndProject
Project("{9A19103F-16F7-4668-BE54-9A1E7A4F7556}") = "MicroRabbit.Banking.Application", "MicroRabbit.Banking.Application\MicroRabbit.Banking.Application.csproj", "{8AD8F40B-DB5D-40FD-9846-01309BBBEB6B}"
EndProject
Project("{9A19103F-16F7-4668-BE54-9A1E7A4F7556}") = "MicroRabbit.Banking.Data", "MicroRabbit.Banking.Data\MicroRabbit.Banking.Data.csproj", "{522F077B-EBC0-4267-804B-E7C2337B0504}"
EndProject
Project("{9A19103F-16F7-4668-BE54-9A1E7A4F7556}") = "MicroRabbit.Banking.Domain", "MicroRabbit.Banking.Domain\MicroRabbit.Banking.Domain.csproj", "{37FC206B-E5D2-4036-AD1A-058E971FFBA6}"
EndProject
Project("{2150E333-8FDC-42A3-9474-1A3956D46DE8}") = "Transfer", "Transfer", "{94C6B761-9AD0-4309-B20B-5D7D44B060DC}"
EndProject
Project("{2150E333-8FDC-42A3-9474-1A3956D46DE8}") = "Api", "Api", "{7E4C12AB-BFFB-4581-8AD1-42BD0C0AF938}"
EndProject
Project("{2150E333-8FDC-42A3-9474-1A3956D46DE8}") = "Application", "Application", "{1D8120FD-0D42-48D3-A7A5-D153E7505432}"
EndProject
Project("{2150E333-8FDC-42A3-9474-1A3956D46DE8}") = "Data", "Data", "{A9FFDD9E-6ACC-420A-9949-A7D39F23680F}"
EndProject
Project("{2150E333-8FDC-42A3-9474-1A3956D46DE8}") = "Domain", "Domain", "{DD9ADDE7-48BD-46DE-9B2D-02D7E14B4E6C}"
EndProject
Project("{FAE04EC0-301F-11D3-BF4B-00C04F79EFBC}") = "MicroRabbit.Transfer.Api", "MicroRabbit.Transfer.Api\MicroRabbit.Transfer.Api.csproj", "{6913ADCA-E987-45AD-8CD3-F7C2795C0F17}"
EndProject
Project("{FAE04EC0-301F-11D3-BF4B-00C04F79EFBC}") = "MicroRabbit.Transfer.Application", "MicroRabbit.Transfer.Application\MicroRabbit.Transfer.Application.csproj", "{B7C7AE00-D8D2-42A4-80BD-6F619A3B438D}"
EndProject
Project("{FAE04EC0-301F-11D3-BF4B-00C04F79EFBC}") = "MicroRabbit.Transfer.Data", "MicroRabbit.Transfer.Data\MicroRabbit.Transfer.Data.csproj", "{81A1F534-F600-402D-9ACD-EC54451B6B59}"
EndProject
Project("{FAE04EC0-301F-11D3-BF4B-00C04F79EFBC}") = "MicroRabbit.Transfer.Domain", "MicroRabbit.Transfer.Domain\MicroRabbit.Transfer.Domain.csproj", "{0DAE1484-234B-4FC4-8326-64AC21017890}"
EndProject
Project("{FAE04EC0-301F-11D3-BF4B-00C04F79EFBC}") = "MicroRabbit.MVC", "MicroRabbit.MVC\MicroRabbit.MVC.csproj", "{BB93320B-052E-481C-AC58-A2A319565BBE}"
EndProject
Global
	GlobalSection(SolutionConfigurationPlatforms) = preSolution
		Debug|Any CPU = Debug|Any CPU
		Release|Any CPU = Release|Any CPU
	EndGlobalSection
	GlobalSection(ProjectConfigurationPlatforms) = postSolution
		{34C2B2F3-1185-4BCA-869E-9BC04F06BAD5}.Debug|Any CPU.ActiveCfg = Debug|Any CPU
		{34C2B2F3-1185-4BCA-869E-9BC04F06BAD5}.Debug|Any CPU.Build.0 = Debug|Any CPU
		{34C2B2F3-1185-4BCA-869E-9BC04F06BAD5}.Release|Any CPU.ActiveCfg = Release|Any CPU
		{34C2B2F3-1185-4BCA-869E-9BC04F06BAD5}.Release|Any CPU.Build.0 = Release|Any CPU
		{07A89DE9-C486-4A66-8A22-E4B39ED39736}.Debug|Any CPU.ActiveCfg = Debug|Any CPU
		{07A89DE9-C486-4A66-8A22-E4B39ED39736}.Debug|Any CPU.Build.0 = Debug|Any CPU
		{07A89DE9-C486-4A66-8A22-E4B39ED39736}.Release|Any CPU.ActiveCfg = Release|Any CPU
		{07A89DE9-C486-4A66-8A22-E4B39ED39736}.Release|Any CPU.Build.0 = Release|Any CPU
		{275BA33F-F7D0-4DA6-AA16-F4CB8F4B6645}.Debug|Any CPU.ActiveCfg = Debug|Any CPU
		{275BA33F-F7D0-4DA6-AA16-F4CB8F4B6645}.Debug|Any CPU.Build.0 = Debug|Any CPU
		{275BA33F-F7D0-4DA6-AA16-F4CB8F4B6645}.Release|Any CPU.ActiveCfg = Release|Any CPU
		{275BA33F-F7D0-4DA6-AA16-F4CB8F4B6645}.Release|Any CPU.Build.0 = Release|Any CPU
		{0424AE66-C8EF-4678-A948-B8EEC473E1F3}.Debug|Any CPU.ActiveCfg = Debug|Any CPU
		{0424AE66-C8EF-4678-A948-B8EEC473E1F3}.Debug|Any CPU.Build.0 = Debug|Any CPU
		{0424AE66-C8EF-4678-A948-B8EEC473E1F3}.Release|Any CPU.ActiveCfg = Release|Any CPU
		{0424AE66-C8EF-4678-A948-B8EEC473E1F3}.Release|Any CPU.Build.0 = Release|Any CPU
		{8AD8F40B-DB5D-40FD-9846-01309BBBEB6B}.Debug|Any CPU.ActiveCfg = Debug|Any CPU
		{8AD8F40B-DB5D-40FD-9846-01309BBBEB6B}.Debug|Any CPU.Build.0 = Debug|Any CPU
		{8AD8F40B-DB5D-40FD-9846-01309BBBEB6B}.Release|Any CPU.ActiveCfg = Release|Any CPU
		{8AD8F40B-DB5D-40FD-9846-01309BBBEB6B}.Release|Any CPU.Build.0 = Release|Any CPU
		{522F077B-EBC0-4267-804B-E7C2337B0504}.Debug|Any CPU.ActiveCfg = Debug|Any CPU
		{522F077B-EBC0-4267-804B-E7C2337B0504}.Debug|Any CPU.Build.0 = Debug|Any CPU
		{522F077B-EBC0-4267-804B-E7C2337B0504}.Release|Any CPU.ActiveCfg = Release|Any CPU
		{522F077B-EBC0-4267-804B-E7C2337B0504}.Release|Any CPU.Build.0 = Release|Any CPU
		{37FC206B-E5D2-4036-AD1A-058E971FFBA6}.Debug|Any CPU.ActiveCfg = Debug|Any CPU
		{37FC206B-E5D2-4036-AD1A-058E971FFBA6}.Debug|Any CPU.Build.0 = Debug|Any CPU
		{37FC206B-E5D2-4036-AD1A-058E971FFBA6}.Release|Any CPU.ActiveCfg = Release|Any CPU
		{37FC206B-E5D2-4036-AD1A-058E971FFBA6}.Release|Any CPU.Build.0 = Release|Any CPU
		{6913ADCA-E987-45AD-8CD3-F7C2795C0F17}.Debug|Any CPU.ActiveCfg = Debug|Any CPU
		{6913ADCA-E987-45AD-8CD3-F7C2795C0F17}.Debug|Any CPU.Build.0 = Debug|Any CPU
		{6913ADCA-E987-45AD-8CD3-F7C2795C0F17}.Release|Any CPU.ActiveCfg = Release|Any CPU
		{6913ADCA-E987-45AD-8CD3-F7C2795C0F17}.Release|Any CPU.Build.0 = Release|Any CPU
		{B7C7AE00-D8D2-42A4-80BD-6F619A3B438D}.Debug|Any CPU.ActiveCfg = Debug|Any CPU
		{B7C7AE00-D8D2-42A4-80BD-6F619A3B438D}.Debug|Any CPU.Build.0 = Debug|Any CPU
		{B7C7AE00-D8D2-42A4-80BD-6F619A3B438D}.Release|Any CPU.ActiveCfg = Release|Any CPU
		{B7C7AE00-D8D2-42A4-80BD-6F619A3B438D}.Release|Any CPU.Build.0 = Release|Any CPU
		{81A1F534-F600-402D-9ACD-EC54451B6B59}.Debug|Any CPU.ActiveCfg = Debug|Any CPU
		{81A1F534-F600-402D-9ACD-EC54451B6B59}.Debug|Any CPU.Build.0 = Debug|Any CPU
		{81A1F534-F600-402D-9ACD-EC54451B6B59}.Release|Any CPU.ActiveCfg = Release|Any CPU
		{81A1F534-F600-402D-9ACD-EC54451B6B59}.Release|Any CPU.Build.0 = Release|Any CPU
		{0DAE1484-234B-4FC4-8326-64AC21017890}.Debug|Any CPU.ActiveCfg = Debug|Any CPU
		{0DAE1484-234B-4FC4-8326-64AC21017890}.Debug|Any CPU.Build.0 = Debug|Any CPU
		{0DAE1484-234B-4FC4-8326-64AC21017890}.Release|Any CPU.ActiveCfg = Release|Any CPU
		{0DAE1484-234B-4FC4-8326-64AC21017890}.Release|Any CPU.Build.0 = Release|Any CPU
		{BB93320B-052E-481C-AC58-A2A319565BBE}.Debug|Any CPU.ActiveCfg = Debug|Any CPU
		{BB93320B-052E-481C-AC58-A2A319565BBE}.Debug|Any CPU.Build.0 = Debug|Any CPU
		{BB93320B-052E-481C-AC58-A2A319565BBE}.Release|Any CPU.ActiveCfg = Release|Any CPU
		{BB93320B-052E-481C-AC58-A2A319565BBE}.Release|Any CPU.Build.0 = Release|Any CPU
	EndGlobalSection
	GlobalSection(SolutionProperties) = preSolution
		HideSolutionNode = FALSE
	EndGlobalSection
	GlobalSection(NestedProjects) = preSolution
		{34C2B2F3-1185-4BCA-869E-9BC04F06BAD5} = {93B7F475-E2EA-469C-A7A2-E209550FE3B9}
		{07A89DE9-C486-4A66-8A22-E4B39ED39736} = {60787081-220E-40CB-8485-611C8800122D}
		{275BA33F-F7D0-4DA6-AA16-F4CB8F4B6645} = {3F6A84B0-90AA-4BBF-B6F2-0D775B9BD9CF}
		{99A36639-0262-4A87-8101-9853F9367DF2} = {2378564E-F531-4D85-A4E5-D32924F150A2}
		{A4E60C16-B161-4564-994A-1A8FC841404D} = {99A36639-0262-4A87-8101-9853F9367DF2}
		{E67609A0-E001-4DC9-BBC9-E8594307143B} = {99A36639-0262-4A87-8101-9853F9367DF2}
		{49F2911B-93C3-4E40-BD2C-65F772F50DA9} = {99A36639-0262-4A87-8101-9853F9367DF2}
		{DFEC4536-23E6-4BA1-8148-33058F5B2F37} = {99A36639-0262-4A87-8101-9853F9367DF2}
		{0424AE66-C8EF-4678-A948-B8EEC473E1F3} = {A4E60C16-B161-4564-994A-1A8FC841404D}
		{8AD8F40B-DB5D-40FD-9846-01309BBBEB6B} = {49F2911B-93C3-4E40-BD2C-65F772F50DA9}
		{522F077B-EBC0-4267-804B-E7C2337B0504} = {DFEC4536-23E6-4BA1-8148-33058F5B2F37}
		{37FC206B-E5D2-4036-AD1A-058E971FFBA6} = {E67609A0-E001-4DC9-BBC9-E8594307143B}
		{94C6B761-9AD0-4309-B20B-5D7D44B060DC} = {2378564E-F531-4D85-A4E5-D32924F150A2}
		{7E4C12AB-BFFB-4581-8AD1-42BD0C0AF938} = {94C6B761-9AD0-4309-B20B-5D7D44B060DC}
		{1D8120FD-0D42-48D3-A7A5-D153E7505432} = {94C6B761-9AD0-4309-B20B-5D7D44B060DC}
		{A9FFDD9E-6ACC-420A-9949-A7D39F23680F} = {94C6B761-9AD0-4309-B20B-5D7D44B060DC}
		{DD9ADDE7-48BD-46DE-9B2D-02D7E14B4E6C} = {94C6B761-9AD0-4309-B20B-5D7D44B060DC}
		{6913ADCA-E987-45AD-8CD3-F7C2795C0F17} = {7E4C12AB-BFFB-4581-8AD1-42BD0C0AF938}
		{B7C7AE00-D8D2-42A4-80BD-6F619A3B438D} = {1D8120FD-0D42-48D3-A7A5-D153E7505432}
		{81A1F534-F600-402D-9ACD-EC54451B6B59} = {A9FFDD9E-6ACC-420A-9949-A7D39F23680F}
		{0DAE1484-234B-4FC4-8326-64AC21017890} = {DD9ADDE7-48BD-46DE-9B2D-02D7E14B4E6C}
		{BB93320B-052E-481C-AC58-A2A319565BBE} = {00158335-6B53-4AD5-A97C-BF372E058F84}
	EndGlobalSection
	GlobalSection(ExtensibilityGlobals) = postSolution
		SolutionGuid = {FB0FFBFF-D6F9-44EB-B50F-3413E0FE81A2}
	EndGlobalSection
EndGlobal
